
Microsoft Visual Studio Solution File, Format Version 12.00
# Visual Studio Version 17
VisualStudioVersion = 17.14.36705.20 d17.14
MinimumVisualStudioVersion = 10.0.40219.1
Project("{FAE04EC0-301F-11D3-BF4B-00C04F79EFBC}") = "NewBusBLLTest", "NewBusBLLTest\NewBusBLLTest.csproj", "{C150B6B2-60EC-4E23-B19C-A9C3D2291D64}"
EndProject
Project("{FAE04EC0-301F-11D3-BF4B-00C04F79EFBC}") = "NewBusBLL", "..\..\NewBusProject\NewBusBLL\NewBusBLL.csproj", "{1893AC66-C57B-8D33-7CC7-6B85916E19F7}"
EndProject
Project("{FAE04EC0-301F-11D3-BF4B-00C04F79EFBC}") = "NewBusDAL", "..\..\NewBusProject\NewBusDAL\NewBusDAL.csproj", "{3D7DADE8-6C9B-E4F8-15ED-A97010500AAF}"
EndProject
Global
	GlobalSection(SolutionConfigurationPlatforms) = preSolution
		Debug|Any CPU = Debug|Any CPU
		Release|Any CPU = Release|Any CPU
	EndGlobalSection
	GlobalSection(ProjectConfigurationPlatforms) = postSolution
		{C150B6B2-60EC-4E23-B19C-A9C3D2291D64}.Debug|Any CPU.ActiveCfg = Debug|Any CPU
		{C150B6B2-60EC-4E23-B19C-A9C3D2291D64}.Debug|Any CPU.Build.0 = Debug|Any CPU
		{C150B6B2-60EC-4E23-B19C-A9C3D2291D64}.Release|Any CPU.ActiveCfg = Release|Any CPU
		{C150B6B2-60EC-4E23-B19C-A9C3D2291D64}.Release|Any CPU.Build.0 = Release|Any CPU
		{1893AC66-C57B-8D33-7CC7-6B85916E19F7}.Debug|Any CPU.ActiveCfg = Debug|Any CPU
		{1893AC66-C57B-8D33-7CC7-6B85916E19F7}.Debug|Any CPU.Build.0 = Debug|Any CPU
		{1893AC66-C57B-8D33-7CC7-6B85916E19F7}.Release|Any CPU.ActiveCfg = Release|Any CPU
		{1893AC66-C57B-8D33-7CC7-6B85916E19F7}.Release|Any CPU.Build.0 = Release|Any CPU
		{3D7DADE8-6C9B-E4F8-15ED-A97010500AAF}.Debug|Any CPU.ActiveCfg = Debug|Any CPU
		{3D7DADE8-6C9B-E4F8-15ED-A97010500AAF}.Debug|Any CPU.Build.0 = Debug|Any CPU
		{3D7DADE8-6C9B-E4F8-15ED-A97010500AAF}.Release|Any CPU.ActiveCfg = Release|Any CPU
		{3D7DADE8-6C9B-E4F8-15ED-A97010500AAF}.Release|Any CPU.Build.0 = Release|Any CPU
	EndGlobalSection
	GlobalSection(SolutionProperties) = preSolution
		HideSolutionNode = FALSE
	EndGlobalSection
	GlobalSection(ExtensibilityGlobals) = postSolution
		SolutionGuid = {E6EB6BC9-8A39-46C7-B288-608187707C25}
	EndGlobalSection
EndGlobal
